// !$*UTF8*$!
{
	archiveVersion = 1;
	classes = {
	};
	objectVersion = 46;
	objects = {

/* Begin PBXBuildFile section */
		AC5325D9199A6BEA001C9D1F /* main.c in Sources */ = {isa = PBXBuildFile; fileRef = AC5325D8199A6BEA001C9D1F /* main.c */; };
/* End PBXBuildFile section */

/* Begin PBXCopyFilesBuildPhase section */
		AC5325D3199A6BEA001C9D1F /* CopyFiles */ = {
			isa = PBXCopyFilesBuildPhase;
			buildActionMask = 2147483647;
			dstPath = /usr/share/man/man1/;
			dstSubfolderSpec = 0;
			files = (
			);
			runOnlyForDeploymentPostprocessing = 1;
		};
/* End PBXCopyFilesBuildPhase section */

/* Begin PBXFileReference section */
		AC5325D5199A6BEA001C9D1F /* CProgramingChap1 */ = {isa = PBXFileReference; explicitFileType = "compiled.mach-o.executable"; includeInIndex = 0; path = CProgramingChap1; sourceTree = BUILT_PRODUCTS_DIR; };
		AC5325D8199A6BEA001C9D1F /* main.c */ = {isa = PBXFileReference; lastKnownFileType = sourcecode.c.c; path = main.c; sourceTree = "<group>"; };
/* End PBXFileReference section */

/* Begin PBXFrameworksBuildPhase section */
		AC5325D2199A6BEA001C9D1F /* Frameworks */ = {
			isa = PBXFrameworksBuildPhase;
			buildActionMask = 2147483647;
			files = (
			);
			runOnlyForDeploymentPostprocessing = 0;
		};
/* End PBXFrameworksBuildPhase section */

/* Begin PBXGroup section */
		AC5325CC199A6BEA001C9D1F = {
			isa = PBXGroup;
			children = (
				AC5325D7199A6BEA001C9D1F /* CProgramingChap1 */,
				AC5325D6199A6BEA001C9D1F /* Products */,
			);
			sourceTree = "<group>";
		};
		AC5325D6199A6BEA001C9D1F /* Products */ = {
			isa = PBXGroup;
			children = (
				AC5325D5199A6BEA001C9D1F /* CProgramingChap1 */,
			);
			name = Products;
			sourceTree = "<group>";
		};
		AC5325D7199A6BEA001C9D1F /* CProgramingChap1 */ = {
			isa = PBXGroup;
			children = (
				AC5325D8199A6BEA001C9D1F /* main.c */,
			);
			path = CProgramingChap1;
			sourceTree = "<group>";
		};
/* End PBXGroup section */

/* Begin PBXNativeTarget section */
		AC5325D4199A6BEA001C9D1F /* CProgramingChap1 */ = {
			isa = PBXNativeTarget;
			buildConfigurationList = AC5325DC199A6BEA001C9D1F /* Build configuration list for PBXNativeTarget "CProgramingChap1" */;
			buildPhases = (
				AC5325D1199A6BEA001C9D1F /* Sources */,
				AC5325D2199A6BEA001C9D1F /* Frameworks */,
				AC5325D3199A6BEA001C9D1F /* CopyFiles */,
			);
			buildRules = (
			);
			dependencies = (
			);
			name = CProgramingChap1;
			productName = CProgramingChap1;
			productReference = AC5325D5199A6BEA001C9D1F /* CProgramingChap1 */;
			productType = "com.apple.product-type.tool";
		};
/* End PBXNativeTarget section */

/* Begin PBXProject section */
		AC5325CD199A6BEA001C9D1F /* Project object */ = {
			isa = PBXProject;
			attributes = {
				LastUpgradeCheck = 0600;
				ORGANIZATIONNAME = tuto;
				TargetAttributes = {
					AC5325D4199A6BEA001C9D1F = {
						CreatedOnToolsVersion = 6.0;
					};
				};
			};
			buildConfigurationList = AC5325D0199A6BEA001C9D1F /* Build configuration list for PBXProject "CProgramingChap1" */;
			compatibilityVersion = "Xcode 3.2";
			developmentRegion = English;
			hasScannedForEncodings = 0;
			knownRegions = (
				en,
			);
			mainGroup = AC5325CC199A6BEA001C9D1F;
			productRefGroup = AC5325D6199A6BEA001C9D1F /* Products */;
			projectDirPath = "";
			projectRoot = "";
			targets = (
				AC5325D4199A6BEA001C9D1F /* CProgramingChap1 */,
			);
		};
/* End PBXProject section */

/* Begin PBXSourcesBuildPhase section */
		AC5325D1199A6BEA001C9D1F /* Sources */ = {
			isa = PBXSourcesBuildPhase;
			buildActionMask = 2147483647;
			files = (
				AC5325D9199A6BEA001C9D1F /* main.c in Sources */,
			);
			runOnlyForDeploymentPostprocessing = 0;
		};
/* End PBXSourcesBuildPhase section */

/* Begin XCBuildConfiguration section */
		AC5325DA199A6BEA001C9D1F /* Debug */ = {
			isa = XCBuildConfiguration;
			buildSettings = {
				ALWAYS_SEARCH_USER_PATHS = NO;
				CLANG_CXX_LANGUAGE_STANDARD = "gnu++0x";
				CLANG_CXX_LIBRARY = "libc++";
				CLANG_ENABLE_MODULES = YES;
				CLANG_ENABLE_OBJC_ARC = YES;
				CLANG_WARN_BOOL_CONVERSION = YES;
				CLANG_WARN_CONSTANT_CONVERSION = YES;
				CLANG_WARN_DIRECT_OBJC_ISA_USAGE = YES_ERROR;
				CLANG_WARN_EMPTY_BODY = YES;
				CLANG_WARN_ENUM_CONVERSION = YES;
				CLANG_WARN_INT_CONVERSION = YES;
				CLANG_WARN_OBJC_ROOT_CLASS = YES_ERROR;
				CLANG_WARN_UNREACHABLE_CODE = YES;
				CLANG_WARN__DUPLICATE_METHOD_MATCH = YES;
				COPY_PHASE_STRIP = NO;
				ENABLE_STRICT_OBJC_MSGSEND = YES;
				GCC_C_LANGUAGE_STANDARD = gnu99;
				GCC_DYNAMIC_NO_PIC = NO;
				GCC_OPTIMIZATION_LEVEL = 0;
				GCC_PREPROCESSOR_DEFINITIONS = (
					"DEBUG=1",
					"$(inherited)",
				);
				GCC_SYMBOLS_PRIVATE_EXTERN = NO;
				GCC_WARN_64_TO_32_BIT_CONVERSION = YES;
				GCC_WARN_ABOUT_RETURN_TYPE = YES_ERROR;
				GCC_WARN_UNDECLARED_SELECTOR = YES;
				GCC_WARN_UNINITIALIZED_AUTOS = YES_AGGRESSIVE;
				GCC_WARN_UNUSED_FUNCTION = YES;
				GCC_WARN_UNUSED_VARIABLE = YES;
				MACOSX_DEPLOYMENT_TARGET = 10.9;
				MTL_ENABLE_DEBUG_INFO = YES;
				ONLY_ACTIVE_ARCH = YES;
				SDKROOT = macosx;
			};
			name = Debug;
		};
		AC5325DB199A6BEA001C9D1F /* Release */ = {
			isa = XCBuildConfiguration;
			buildSettings = {
				ALWAYS_SEARCH_USER_PATHS = NO;
				CLANG_CXX_LANGUAGE_STANDARD = "gnu++0x";
				CLANG_CXX_LIBRARY = "libc++";
				CLANG_ENABLE_MODULES = YES;
				CLANG_ENABLE_OBJC_ARC = YES;
				CLANG_WARN_BOOL_CONVERSION = YES;
				CLANG_WARN_CONSTANT_CONVERSION = YES;
				CLANG_WARN_DIRECT_OBJC_ISA_USAGE = YES_ERROR;
				CLANG_WARN_EMPTY_BODY = YES;
				CLANG_WARN_ENUM_CONVERSION = YES;
				CLANG_WARN_INT_CONVERSION = YES;
				CLANG_WARN_OBJC_ROOT_CLASS = YES_ERROR;
				CLANG_WARN_UNREACHABLE_CODE = YES;
				CLANG_WARN__DUPLICATE_METHOD_MATCH = YES;
				COPY_PHASE_STRIP = YES;
				DEBUG_INFORMATION_FORMAT = "dwarf-with-dsym";
				ENABLE_NS_ASSERTIONS = NO;
				ENABLE_STRICT_OBJC_MSGSEND = YES;
				GCC_C_LANGUAGE_STANDARD = gnu99;
				GCC_WARN_64_TO_32_BIT_CONVERSION = YES;
				GCC_WARN_ABOUT_RETURN_TYPE = YES_ERROR;
				GCC_WARN_UNDECLARED_SELECTOR = YES;
				GCC_WARN_UNINITIALIZED_AUTOS = YES_AGGRESSIVE;
				GCC_WARN_UNUSED_FUNCTION = YES;
				GCC_WARN_UNUSED_VARIABLE = YES;
				MACOSX_DEPLOYMENT_TARGET = 10.9;
				MTL_ENABLE_DEBUG_INFO = NO;
				SDKROOT = macosx;
			};
			name = Release;
		};
		AC5325DD199A6BEA001C9D1F /* Debug */ = {
			isa = XCBuildConfiguration;
			buildSettings = {
				PRODUCT_NAME = "$(TARGET_NAME)";
			};
			name = Debug;
		};
		AC5325DE199A6BEA001C9D1F /* Release */ = {
			isa = XCBuildConfiguration;
			buildSettings = {
				PRODUCT_NAME = "$(TARGET_NAME)";
			};
			name = Release;
		};
/* End XCBuildConfiguration section */

/* Begin XCConfigurationList section */
		AC5325D0199A6BEA001C9D1F /* Build configuration list for PBXProject "CProgramingChap1" */ = {
			isa = XCConfigurationList;
			buildConfigurations = (
				AC5325DA199A6BEA001C9D1F /* Debug */,
				AC5325DB199A6BEA001C9D1F /* Release */,
			);
			defaultConfigurationIsVisible = 0;
			defaultConfigurationName = Release;
		};
		AC5325DC199A6BEA001C9D1F /* Build configuration list for PBXNativeTarget "CProgramingChap1" */ = {
			isa = XCConfigurationList;
			buildConfigurations = (
				AC5325DD199A6BEA001C9D1F /* Debug */,
				AC5325DE199A6BEA001C9D1F /* Release */,
			);
			defaultConfigurationIsVisible = 0;
		};
/* End XCConfigurationList section */
	};
	rootObject = AC5325CD199A6BEA001C9D1F /* Project object */;
}
